
Microsoft Visual Studio Solution File, Format Version 12.00
# Visual Studio Version 16
VisualStudioVersion = 16.0.30907.101
MinimumVisualStudioVersion = 10.0.40219.1
Project("{9A19103F-16F7-4668-BE54-9A1E7A4F7556}") = "DataAccess", "DataAccess\DataAccess.csproj", "{FB691FEA-186D-4021-B4B6-DD0A5F28F30C}"
EndProject
Project("{9A19103F-16F7-4668-BE54-9A1E7A4F7556}") = "Business", "Business\Business.csproj", "{ADD736A6-C56A-43D0-BAE4-A80BE7F08D31}"
EndProject
Project("{9A19103F-16F7-4668-BE54-9A1E7A4F7556}") = "Entities", "Entities\Entities.csproj", "{C4281BA8-29AD-47C1-AB54-D9EE7669E49F}"
EndProject
Project("{9A19103F-16F7-4668-BE54-9A1E7A4F7556}") = "ConsoleUI", "ConsoleUI\ConsoleUI.csproj", "{BB849005-A826-4AA4-B7FD-799FDA09AAF2}"
EndProject
Project("{FAE04EC0-301F-11D3-BF4B-00C04F79EFBC}") = "Core", "Core\Core.csproj", "{8D0D382C-1595-468A-9CAD-979CF037FFA3}"
EndProject
Global
	GlobalSection(SolutionConfigurationPlatforms) = preSolution
		Debug|Any CPU = Debug|Any CPU
		Release|Any CPU = Release|Any CPU
	EndGlobalSection
	GlobalSection(ProjectConfigurationPlatforms) = postSolution
		{FB691FEA-186D-4021-B4B6-DD0A5F28F30C}.Debug|Any CPU.ActiveCfg = Debug|Any CPU
		{FB691FEA-186D-4021-B4B6-DD0A5F28F30C}.Debug|Any CPU.Build.0 = Debug|Any CPU
		{FB691FEA-186D-4021-B4B6-DD0A5F28F30C}.Release|Any CPU.ActiveCfg = Release|Any CPU
		{FB691FEA-186D-4021-B4B6-DD0A5F28F30C}.Release|Any CPU.Build.0 = Release|Any CPU
		{ADD736A6-C56A-43D0-BAE4-A80BE7F08D31}.Debug|Any CPU.ActiveCfg = Debug|Any CPU
		{ADD736A6-C56A-43D0-BAE4-A80BE7F08D31}.Debug|Any CPU.Build.0 = Debug|Any CPU
		{ADD736A6-C56A-43D0-BAE4-A80BE7F08D31}.Release|Any CPU.ActiveCfg = Release|Any CPU
		{ADD736A6-C56A-43D0-BAE4-A80BE7F08D31}.Release|Any CPU.Build.0 = Release|Any CPU
		{C4281BA8-29AD-47C1-AB54-D9EE7669E49F}.Debug|Any CPU.ActiveCfg = Debug|Any CPU
		{C4281BA8-29AD-47C1-AB54-D9EE7669E49F}.Debug|Any CPU.Build.0 = Debug|Any CPU
		{C4281BA8-29AD-47C1-AB54-D9EE7669E49F}.Release|Any CPU.ActiveCfg = Release|Any CPU
		{C4281BA8-29AD-47C1-AB54-D9EE7669E49F}.Release|Any CPU.Build.0 = Release|Any CPU
		{BB849005-A826-4AA4-B7FD-799FDA09AAF2}.Debug|Any CPU.ActiveCfg = Debug|Any CPU
		{BB849005-A826-4AA4-B7FD-799FDA09AAF2}.Debug|Any CPU.Build.0 = Debug|Any CPU
		{BB849005-A826-4AA4-B7FD-799FDA09AAF2}.Release|Any CPU.ActiveCfg = Release|Any CPU
		{BB849005-A826-4AA4-B7FD-799FDA09AAF2}.Release|Any CPU.Build.0 = Release|Any CPU
		{8D0D382C-1595-468A-9CAD-979CF037FFA3}.Debug|Any CPU.ActiveCfg = Debug|Any CPU
		{8D0D382C-1595-468A-9CAD-979CF037FFA3}.Debug|Any CPU.Build.0 = Debug|Any CPU
		{8D0D382C-1595-468A-9CAD-979CF037FFA3}.Release|Any CPU.ActiveCfg = Release|Any CPU
		{8D0D382C-1595-468A-9CAD-979CF037FFA3}.Release|Any CPU.Build.0 = Release|Any CPU
	EndGlobalSection
	GlobalSection(SolutionProperties) = preSolution
		HideSolutionNode = FALSE
	EndGlobalSection
	GlobalSection(ExtensibilityGlobals) = postSolution
		SolutionGuid = {8B0AE22B-6BF5-4116-97FF-CD7354C9E80F}
	EndGlobalSection
EndGlobal
